// !$*UTF8*$!
{
	archiveVersion = 1;
	classes = {
	};
	objectVersion = 46;
	objects = {

/* Begin PBXBuildFile section */
		315224031B6ADFD400FC23F4 /* main.m in Sources */ = {isa = PBXBuildFile; fileRef = 315224021B6ADFD400FC23F4 /* main.m */; };
		315224061B6ADFD400FC23F4 /* AppDelegate.m in Sources */ = {isa = PBXBuildFile; fileRef = 315224051B6ADFD400FC23F4 /* AppDelegate.m */; };
		3152240E1B6ADFD400FC23F4 /* Images.xcassets in Resources */ = {isa = PBXBuildFile; fileRef = 3152240D1B6ADFD400FC23F4 /* Images.xcassets */; };
		315224111B6ADFD400FC23F4 /* LaunchScreen.xib in Resources */ = {isa = PBXBuildFile; fileRef = 3152240F1B6ADFD400FC23F4 /* LaunchScreen.xib */; };
		3152241D1B6ADFD400FC23F4 /* JRTFormTests.m in Sources */ = {isa = PBXBuildFile; fileRef = 3152241C1B6ADFD400FC23F4 /* JRTFormTests.m */; };
		315224291B6AE0CA00FC23F4 /* JRTFormViewController.m in Sources */ = {isa = PBXBuildFile; fileRef = 315224261B6AE0CA00FC23F4 /* JRTFormViewController.m */; };
		3152242A1B6AE0CA00FC23F4 /* JRTFormViewController.xib in Resources */ = {isa = PBXBuildFile; fileRef = 315224271B6AE0CA00FC23F4 /* JRTFormViewController.xib */; };
		315224A51B6AF20100FC23F4 /* JRTFormActualViewController.m in Sources */ = {isa = PBXBuildFile; fileRef = 3152247F1B6AF20100FC23F4 /* JRTFormActualViewController.m */; };
		315224A61B6AF20100FC23F4 /* JRTFormArrayValidations.m in Sources */ = {isa = PBXBuildFile; fileRef = 315224811B6AF20100FC23F4 /* JRTFormArrayValidations.m */; };
		315224A71B6AF20100FC23F4 /* JRTFormBaseCell.m in Sources */ = {isa = PBXBuildFile; fileRef = 315224831B6AF20100FC23F4 /* JRTFormBaseCell.m */; };
		315224A81B6AF20100FC23F4 /* JRTFormTableView.m in Sources */ = {isa = PBXBuildFile; fileRef = 315224861B6AF20100FC23F4 /* JRTFormTableView.m */; };
		315224A91B6AF20100FC23F4 /* JRTFormMapTableViewCell.m in Sources */ = {isa = PBXBuildFile; fileRef = 315224881B6AF20100FC23F4 /* JRTFormMapTableViewCell.m */; };
		315224AA1B6AF20100FC23F4 /* JRTFormMapTableViewCell.xib in Resources */ = {isa = PBXBuildFile; fileRef = 315224891B6AF20100FC23F4 /* JRTFormMapTableViewCell.xib */; };
		315224AB1B6AF20100FC23F4 /* JRTFormOptionsTableViewController.m in Sources */ = {isa = PBXBuildFile; fileRef = 3152248B1B6AF20100FC23F4 /* JRTFormOptionsTableViewController.m */; };
		315224AC1B6AF20100FC23F4 /* JRTFormOptionsTableViewController.xib in Resources */ = {isa = PBXBuildFile; fileRef = 3152248C1B6AF20100FC23F4 /* JRTFormOptionsTableViewController.xib */; };
		315224AD1B6AF20100FC23F4 /* JRTFormRoundedButton.m in Sources */ = {isa = PBXBuildFile; fileRef = 3152248E1B6AF20100FC23F4 /* JRTFormRoundedButton.m */; };
		315224AE1B6AF20100FC23F4 /* JRTFormRoundedImageView.m in Sources */ = {isa = PBXBuildFile; fileRef = 315224901B6AF20100FC23F4 /* JRTFormRoundedImageView.m */; };
		315224AF1B6AF20100FC23F4 /* JRTFormRoundedView.m in Sources */ = {isa = PBXBuildFile; fileRef = 315224921B6AF20100FC23F4 /* JRTFormRoundedView.m */; };
		315224B01B6AF20100FC23F4 /* JRTFormSelectTableViewCell.m in Sources */ = {isa = PBXBuildFile; fileRef = 315224941B6AF20100FC23F4 /* JRTFormSelectTableViewCell.m */; };
		315224B11B6AF20100FC23F4 /* JRTFormSelectTableViewCell.xib in Resources */ = {isa = PBXBuildFile; fileRef = 315224951B6AF20100FC23F4 /* JRTFormSelectTableViewCell.xib */; };
		315224B21B6AF20100FC23F4 /* JRTFormStringValidations.m in Sources */ = {isa = PBXBuildFile; fileRef = 315224971B6AF20100FC23F4 /* JRTFormStringValidations.m */; };
		315224B31B6AF20100FC23F4 /* JRTFormSubmitButtonTableViewCell.m in Sources */ = {isa = PBXBuildFile; fileRef = 315224991B6AF20100FC23F4 /* JRTFormSubmitButtonTableViewCell.m */; };
		315224B41B6AF20100FC23F4 /* JRTFormSubmitButtonTableViewCell.xib in Resources */ = {isa = PBXBuildFile; fileRef = 3152249A1B6AF20100FC23F4 /* JRTFormSubmitButtonTableViewCell.xib */; };
		315224B51B6AF20100FC23F4 /* JRTFormSwitchTableViewCell.m in Sources */ = {isa = PBXBuildFile; fileRef = 3152249C1B6AF20100FC23F4 /* JRTFormSwitchTableViewCell.m */; };
		315224B61B6AF20100FC23F4 /* JRTFormSwitchTableViewCell.xib in Resources */ = {isa = PBXBuildFile; fileRef = 3152249D1B6AF20100FC23F4 /* JRTFormSwitchTableViewCell.xib */; };
		315224B71B6AF20100FC23F4 /* JRTFormTextFieldTableViewCell.m in Sources */ = {isa = PBXBuildFile; fileRef = 3152249F1B6AF20100FC23F4 /* JRTFormTextFieldTableViewCell.m */; };
		315224B81B6AF20100FC23F4 /* JRTFormTextFieldTableViewCell.xib in Resources */ = {isa = PBXBuildFile; fileRef = 315224A01B6AF20100FC23F4 /* JRTFormTextFieldTableViewCell.xib */; };
		315224B91B6AF20100FC23F4 /* JRTFormTextViewTableViewCell.m in Sources */ = {isa = PBXBuildFile; fileRef = 315224A21B6AF20100FC23F4 /* JRTFormTextViewTableViewCell.m */; };
		315224BA1B6AF20100FC23F4 /* JRTFormTextViewTableViewCell.xib in Resources */ = {isa = PBXBuildFile; fileRef = 315224A31B6AF20100FC23F4 /* JRTFormTextViewTableViewCell.xib */; };
		317C112D1C401716006DB1AA /* TextFieldTableViewCell.xib in Resources */ = {isa = PBXBuildFile; fileRef = 317C112B1C401716006DB1AA /* TextFieldTableViewCell.xib */; };
		317C112E1C401716006DB1AA /* TextFieldTableViewCell.m in Sources */ = {isa = PBXBuildFile; fileRef = 317C112C1C401716006DB1AA /* TextFieldTableViewCell.m */; };
		319FAB151C3C701C00F46D83 /* JRTFormDatePickerViewController.m in Sources */ = {isa = PBXBuildFile; fileRef = 319FAB101C3C701C00F46D83 /* JRTFormDatePickerViewController.m */; };
		319FAB161C3C701C00F46D83 /* JRTFormDatePickerViewController.xib in Resources */ = {isa = PBXBuildFile; fileRef = 319FAB111C3C701C00F46D83 /* JRTFormDatePickerViewController.xib */; };
		319FAB171C3C701C00F46D83 /* JRTFormDateTableViewCell.m in Sources */ = {isa = PBXBuildFile; fileRef = 319FAB131C3C701C00F46D83 /* JRTFormDateTableViewCell.m */; };
		319FAB181C3C701C00F46D83 /* JRTFormDateTableViewCell.xib in Resources */ = {isa = PBXBuildFile; fileRef = 319FAB141C3C701C00F46D83 /* JRTFormDateTableViewCell.xib */; };
/* End PBXBuildFile section */

/* Begin PBXContainerItemProxy section */
		315224171B6ADFD400FC23F4 /* PBXContainerItemProxy */ = {
			isa = PBXContainerItemProxy;
			containerPortal = 315223F51B6ADFD400FC23F4 /* Project object */;
			proxyType = 1;
			remoteGlobalIDString = 315223FC1B6ADFD400FC23F4;
			remoteInfo = JRTForm;
		};
/* End PBXContainerItemProxy section */

/* Begin PBXFileReference section */
		315223FD1B6ADFD400FC23F4 /* JRTForm.app */ = {isa = PBXFileReference; explicitFileType = wrapper.application; includeInIndex = 0; path = JRTForm.app; sourceTree = BUILT_PRODUCTS_DIR; };
		315224011B6ADFD400FC23F4 /* Info.plist */ = {isa = PBXFileReference; lastKnownFileType = text.plist.xml; path = Info.plist; sourceTree = "<group>"; };
		315224021B6ADFD400FC23F4 /* main.m */ = {isa = PBXFileReference; lastKnownFileType = sourcecode.c.objc; path = main.m; sourceTree = "<group>"; };
		315224041B6ADFD400FC23F4 /* AppDelegate.h */ = {isa = PBXFileReference; lastKnownFileType = sourcecode.c.h; path = AppDelegate.h; sourceTree = "<group>"; };
		315224051B6ADFD400FC23F4 /* AppDelegate.m */ = {isa = PBXFileReference; lastKnownFileType = sourcecode.c.objc; path = AppDelegate.m; sourceTree = "<group>"; };
		3152240D1B6ADFD400FC23F4 /* Images.xcassets */ = {isa = PBXFileReference; lastKnownFileType = folder.assetcatalog; path = Images.xcassets; sourceTree = "<group>"; };
		315224101B6ADFD400FC23F4 /* Base */ = {isa = PBXFileReference; lastKnownFileType = file.xib; name = Base; path = Base.lproj/LaunchScreen.xib; sourceTree = "<group>"; };
		315224161B6ADFD400FC23F4 /* JRTFormTests.xctest */ = {isa = PBXFileReference; explicitFileType = wrapper.cfbundle; includeInIndex = 0; path = JRTFormTests.xctest; sourceTree = BUILT_PRODUCTS_DIR; };
		3152241B1B6ADFD400FC23F4 /* Info.plist */ = {isa = PBXFileReference; lastKnownFileType = text.plist.xml; path = Info.plist; sourceTree = "<group>"; };
		3152241C1B6ADFD400FC23F4 /* JRTFormTests.m */ = {isa = PBXFileReference; lastKnownFileType = sourcecode.c.objc; path = JRTFormTests.m; sourceTree = "<group>"; };
		315224261B6AE0CA00FC23F4 /* JRTFormViewController.m */ = {isa = PBXFileReference; fileEncoding = 4; lastKnownFileType = sourcecode.c.objc; path = JRTFormViewController.m; sourceTree = "<group>"; };
		315224271B6AE0CA00FC23F4 /* JRTFormViewController.xib */ = {isa = PBXFileReference; fileEncoding = 4; lastKnownFileType = file.xib; path = JRTFormViewController.xib; sourceTree = "<group>"; };
		315224281B6AE0CA00FC23F4 /* JRTFormViewController.h */ = {isa = PBXFileReference; fileEncoding = 4; lastKnownFileType = sourcecode.c.h; path = JRTFormViewController.h; sourceTree = "<group>"; };
		3152247E1B6AF20100FC23F4 /* JRTFormActualViewController.h */ = {isa = PBXFileReference; fileEncoding = 4; lastKnownFileType = sourcecode.c.h; path = JRTFormActualViewController.h; sourceTree = "<group>"; };
		3152247F1B6AF20100FC23F4 /* JRTFormActualViewController.m */ = {isa = PBXFileReference; fileEncoding = 4; lastKnownFileType = sourcecode.c.objc; path = JRTFormActualViewController.m; sourceTree = "<group>"; };
		315224801B6AF20100FC23F4 /* JRTFormArrayValidations.h */ = {isa = PBXFileReference; fileEncoding = 4; lastKnownFileType = sourcecode.c.h; path = JRTFormArrayValidations.h; sourceTree = "<group>"; };
		315224811B6AF20100FC23F4 /* JRTFormArrayValidations.m */ = {isa = PBXFileReference; fileEncoding = 4; lastKnownFileType = sourcecode.c.objc; path = JRTFormArrayValidations.m; sourceTree = "<group>"; };
		315224821B6AF20100FC23F4 /* JRTFormBaseCell.h */ = {isa = PBXFileReference; fileEncoding = 4; lastKnownFileType = sourcecode.c.h; path = JRTFormBaseCell.h; sourceTree = "<group>"; };
		315224831B6AF20100FC23F4 /* JRTFormBaseCell.m */ = {isa = PBXFileReference; fileEncoding = 4; lastKnownFileType = sourcecode.c.objc; path = JRTFormBaseCell.m; sourceTree = "<group>"; };
		315224841B6AF20100FC23F4 /* JRTFormFieldCells.h */ = {isa = PBXFileReference; fileEncoding = 4; lastKnownFileType = sourcecode.c.h; path = JRTFormFieldCells.h; sourceTree = "<group>"; };
		315224851B6AF20100FC23F4 /* JRTFormTableView.h */ = {isa = PBXFileReference; fileEncoding = 4; lastKnownFileType = sourcecode.c.h; path = JRTFormTableView.h; sourceTree = "<group>"; };
		315224861B6AF20100FC23F4 /* JRTFormTableView.m */ = {isa = PBXFileReference; fileEncoding = 4; lastKnownFileType = sourcecode.c.objc; path = JRTFormTableView.m; sourceTree = "<group>"; };
		315224871B6AF20100FC23F4 /* JRTFormMapTableViewCell.h */ = {isa = PBXFileReference; fileEncoding = 4; lastKnownFileType = sourcecode.c.h; path = JRTFormMapTableViewCell.h; sourceTree = "<group>"; };
		315224881B6AF20100FC23F4 /* JRTFormMapTableViewCell.m */ = {isa = PBXFileReference; fileEncoding = 4; lastKnownFileType = sourcecode.c.objc; path = JRTFormMapTableViewCell.m; sourceTree = "<group>"; };
		315224891B6AF20100FC23F4 /* JRTFormMapTableViewCell.xib */ = {isa = PBXFileReference; fileEncoding = 4; lastKnownFileType = file.xib; path = JRTFormMapTableViewCell.xib; sourceTree = "<group>"; };
		3152248A1B6AF20100FC23F4 /* JRTFormOptionsTableViewController.h */ = {isa = PBXFileReference; fileEncoding = 4; lastKnownFileType = sourcecode.c.h; path = JRTFormOptionsTableViewController.h; sourceTree = "<group>"; };
		3152248B1B6AF20100FC23F4 /* JRTFormOptionsTableViewController.m */ = {isa = PBXFileReference; fileEncoding = 4; lastKnownFileType = sourcecode.c.objc; path = JRTFormOptionsTableViewController.m; sourceTree = "<group>"; };
		3152248C1B6AF20100FC23F4 /* JRTFormOptionsTableViewController.xib */ = {isa = PBXFileReference; fileEncoding = 4; lastKnownFileType = file.xib; path = JRTFormOptionsTableViewController.xib; sourceTree = "<group>"; };
		3152248D1B6AF20100FC23F4 /* JRTFormRoundedButton.h */ = {isa = PBXFileReference; fileEncoding = 4; lastKnownFileType = sourcecode.c.h; path = JRTFormRoundedButton.h; sourceTree = "<group>"; };
		3152248E1B6AF20100FC23F4 /* JRTFormRoundedButton.m */ = {isa = PBXFileReference; fileEncoding = 4; lastKnownFileType = sourcecode.c.objc; path = JRTFormRoundedButton.m; sourceTree = "<group>"; };
		3152248F1B6AF20100FC23F4 /* JRTFormRoundedImageView.h */ = {isa = PBXFileReference; fileEncoding = 4; lastKnownFileType = sourcecode.c.h; path = JRTFormRoundedImageView.h; sourceTree = "<group>"; };
		315224901B6AF20100FC23F4 /* JRTFormRoundedImageView.m */ = {isa = PBXFileReference; fileEncoding = 4; lastKnownFileType = sourcecode.c.objc; path = JRTFormRoundedImageView.m; sourceTree = "<group>"; };
		315224911B6AF20100FC23F4 /* JRTFormRoundedView.h */ = {isa = PBXFileReference; fileEncoding = 4; lastKnownFileType = sourcecode.c.h; path = JRTFormRoundedView.h; sourceTree = "<group>"; };
		315224921B6AF20100FC23F4 /* JRTFormRoundedView.m */ = {isa = PBXFileReference; fileEncoding = 4; lastKnownFileType = sourcecode.c.objc; path = JRTFormRoundedView.m; sourceTree = "<group>"; };
		315224931B6AF20100FC23F4 /* JRTFormSelectTableViewCell.h */ = {isa = PBXFileReference; fileEncoding = 4; lastKnownFileType = sourcecode.c.h; path = JRTFormSelectTableViewCell.h; sourceTree = "<group>"; };
		315224941B6AF20100FC23F4 /* JRTFormSelectTableViewCell.m */ = {isa = PBXFileReference; fileEncoding = 4; lastKnownFileType = sourcecode.c.objc; path = JRTFormSelectTableViewCell.m; sourceTree = "<group>"; };
		315224951B6AF20100FC23F4 /* JRTFormSelectTableViewCell.xib */ = {isa = PBXFileReference; fileEncoding = 4; lastKnownFileType = file.xib; path = JRTFormSelectTableViewCell.xib; sourceTree = "<group>"; };
		315224961B6AF20100FC23F4 /* JRTFormStringValidations.h */ = {isa = PBXFileReference; fileEncoding = 4; lastKnownFileType = sourcecode.c.h; path = JRTFormStringValidations.h; sourceTree = "<group>"; };
		315224971B6AF20100FC23F4 /* JRTFormStringValidations.m */ = {isa = PBXFileReference; fileEncoding = 4; lastKnownFileType = sourcecode.c.objc; path = JRTFormStringValidations.m; sourceTree = "<group>"; };
		315224981B6AF20100FC23F4 /* JRTFormSubmitButtonTableViewCell.h */ = {isa = PBXFileReference; fileEncoding = 4; lastKnownFileType = sourcecode.c.h; path = JRTFormSubmitButtonTableViewCell.h; sourceTree = "<group>"; };
		315224991B6AF20100FC23F4 /* JRTFormSubmitButtonTableViewCell.m */ = {isa = PBXFileReference; fileEncoding = 4; lastKnownFileType = sourcecode.c.objc; path = JRTFormSubmitButtonTableViewCell.m; sourceTree = "<group>"; };
		3152249A1B6AF20100FC23F4 /* JRTFormSubmitButtonTableViewCell.xib */ = {isa = PBXFileReference; fileEncoding = 4; lastKnownFileType = file.xib; path = JRTFormSubmitButtonTableViewCell.xib; sourceTree = "<group>"; };
		3152249B1B6AF20100FC23F4 /* JRTFormSwitchTableViewCell.h */ = {isa = PBXFileReference; fileEncoding = 4; lastKnownFileType = sourcecode.c.h; path = JRTFormSwitchTableViewCell.h; sourceTree = "<group>"; };
		3152249C1B6AF20100FC23F4 /* JRTFormSwitchTableViewCell.m */ = {isa = PBXFileReference; fileEncoding = 4; lastKnownFileType = sourcecode.c.objc; path = JRTFormSwitchTableViewCell.m; sourceTree = "<group>"; };
		3152249D1B6AF20100FC23F4 /* JRTFormSwitchTableViewCell.xib */ = {isa = PBXFileReference; fileEncoding = 4; lastKnownFileType = file.xib; path = JRTFormSwitchTableViewCell.xib; sourceTree = "<group>"; };
		3152249E1B6AF20100FC23F4 /* JRTFormTextFieldTableViewCell.h */ = {isa = PBXFileReference; fileEncoding = 4; lastKnownFileType = sourcecode.c.h; path = JRTFormTextFieldTableViewCell.h; sourceTree = "<group>"; };
		3152249F1B6AF20100FC23F4 /* JRTFormTextFieldTableViewCell.m */ = {isa = PBXFileReference; fileEncoding = 4; lastKnownFileType = sourcecode.c.objc; path = JRTFormTextFieldTableViewCell.m; sourceTree = "<group>"; };
		315224A01B6AF20100FC23F4 /* JRTFormTextFieldTableViewCell.xib */ = {isa = PBXFileReference; fileEncoding = 4; lastKnownFileType = file.xib; path = JRTFormTextFieldTableViewCell.xib; sourceTree = "<group>"; };
		315224A11B6AF20100FC23F4 /* JRTFormTextViewTableViewCell.h */ = {isa = PBXFileReference; fileEncoding = 4; lastKnownFileType = sourcecode.c.h; path = JRTFormTextViewTableViewCell.h; sourceTree = "<group>"; };
		315224A21B6AF20100FC23F4 /* JRTFormTextViewTableViewCell.m */ = {isa = PBXFileReference; fileEncoding = 4; lastKnownFileType = sourcecode.c.objc; path = JRTFormTextViewTableViewCell.m; sourceTree = "<group>"; };
		315224A31B6AF20100FC23F4 /* JRTFormTextViewTableViewCell.xib */ = {isa = PBXFileReference; fileEncoding = 4; lastKnownFileType = file.xib; path = JRTFormTextViewTableViewCell.xib; sourceTree = "<group>"; };
		315224A41B6AF20100FC23F4 /* JRTFormValidationsBlocks.h */ = {isa = PBXFileReference; fileEncoding = 4; lastKnownFileType = sourcecode.c.h; path = JRTFormValidationsBlocks.h; sourceTree = "<group>"; };
		317C112A1C401716006DB1AA /* TextFieldTableViewCell.h */ = {isa = PBXFileReference; fileEncoding = 4; lastKnownFileType = sourcecode.c.h; path = TextFieldTableViewCell.h; sourceTree = "<group>"; };
		317C112B1C401716006DB1AA /* TextFieldTableViewCell.xib */ = {isa = PBXFileReference; fileEncoding = 4; lastKnownFileType = file.xib; path = TextFieldTableViewCell.xib; sourceTree = "<group>"; };
		317C112C1C401716006DB1AA /* TextFieldTableViewCell.m */ = {isa = PBXFileReference; fileEncoding = 4; lastKnownFileType = sourcecode.c.objc; path = TextFieldTableViewCell.m; sourceTree = "<group>"; };
		319FAB0F1C3C701C00F46D83 /* JRTFormDatePickerViewController.h */ = {isa = PBXFileReference; fileEncoding = 4; lastKnownFileType = sourcecode.c.h; path = JRTFormDatePickerViewController.h; sourceTree = "<group>"; };
		319FAB101C3C701C00F46D83 /* JRTFormDatePickerViewController.m */ = {isa = PBXFileReference; fileEncoding = 4; lastKnownFileType = sourcecode.c.objc; path = JRTFormDatePickerViewController.m; sourceTree = "<group>"; };
		319FAB111C3C701C00F46D83 /* JRTFormDatePickerViewController.xib */ = {isa = PBXFileReference; fileEncoding = 4; lastKnownFileType = file.xib; path = JRTFormDatePickerViewController.xib; sourceTree = "<group>"; };
		319FAB121C3C701C00F46D83 /* JRTFormDateTableViewCell.h */ = {isa = PBXFileReference; fileEncoding = 4; lastKnownFileType = sourcecode.c.h; path = JRTFormDateTableViewCell.h; sourceTree = "<group>"; };
		319FAB131C3C701C00F46D83 /* JRTFormDateTableViewCell.m */ = {isa = PBXFileReference; fileEncoding = 4; lastKnownFileType = sourcecode.c.objc; path = JRTFormDateTableViewCell.m; sourceTree = "<group>"; };
		319FAB141C3C701C00F46D83 /* JRTFormDateTableViewCell.xib */ = {isa = PBXFileReference; fileEncoding = 4; lastKnownFileType = file.xib; path = JRTFormDateTableViewCell.xib; sourceTree = "<group>"; };
/* End PBXFileReference section */

/* Begin PBXFrameworksBuildPhase section */
		315223FA1B6ADFD400FC23F4 /* Frameworks */ = {
			isa = PBXFrameworksBuildPhase;
			buildActionMask = 2147483647;
			files = (
			);
			runOnlyForDeploymentPostprocessing = 0;
		};
		315224131B6ADFD400FC23F4 /* Frameworks */ = {
			isa = PBXFrameworksBuildPhase;
			buildActionMask = 2147483647;
			files = (
			);
			runOnlyForDeploymentPostprocessing = 0;
		};
/* End PBXFrameworksBuildPhase section */

/* Begin PBXGroup section */
		315223F41B6ADFD400FC23F4 = {
			isa = PBXGroup;
			children = (
				315223FF1B6ADFD400FC23F4 /* JRTForm */,
				315224191B6ADFD400FC23F4 /* JRTFormTests */,
				315223FE1B6ADFD400FC23F4 /* Products */,
			);
			sourceTree = "<group>";
		};
		315223FE1B6ADFD400FC23F4 /* Products */ = {
			isa = PBXGroup;
			children = (
				315223FD1B6ADFD400FC23F4 /* JRTForm.app */,
				315224161B6ADFD400FC23F4 /* JRTFormTests.xctest */,
			);
			name = Products;
			sourceTree = "<group>";
		};
		315223FF1B6ADFD400FC23F4 /* JRTForm */ = {
			isa = PBXGroup;
			children = (
				3152247D1B6AF20100FC23F4 /* PodFiles */,
				315224281B6AE0CA00FC23F4 /* JRTFormViewController.h */,
				315224261B6AE0CA00FC23F4 /* JRTFormViewController.m */,
				315224271B6AE0CA00FC23F4 /* JRTFormViewController.xib */,
				317C11291C4016F6006DB1AA /* CustomField Example */,
				315224041B6ADFD400FC23F4 /* AppDelegate.h */,
				315224051B6ADFD400FC23F4 /* AppDelegate.m */,
				3152240D1B6ADFD400FC23F4 /* Images.xcassets */,
				3152240F1B6ADFD400FC23F4 /* LaunchScreen.xib */,
				315224001B6ADFD400FC23F4 /* Supporting Files */,
			);
			path = JRTForm;
			sourceTree = "<group>";
		};
		315224001B6ADFD400FC23F4 /* Supporting Files */ = {
			isa = PBXGroup;
			children = (
				315224011B6ADFD400FC23F4 /* Info.plist */,
				315224021B6ADFD400FC23F4 /* main.m */,
			);
			name = "Supporting Files";
			sourceTree = "<group>";
		};
		315224191B6ADFD400FC23F4 /* JRTFormTests */ = {
			isa = PBXGroup;
			children = (
				3152241C1B6ADFD400FC23F4 /* JRTFormTests.m */,
				3152241A1B6ADFD400FC23F4 /* Supporting Files */,
			);
			path = JRTFormTests;
			sourceTree = "<group>";
		};
		3152241A1B6ADFD400FC23F4 /* Supporting Files */ = {
			isa = PBXGroup;
			children = (
				3152241B1B6ADFD400FC23F4 /* Info.plist */,
			);
			name = "Supporting Files";
			sourceTree = "<group>";
		};
		3152247D1B6AF20100FC23F4 /* PodFiles */ = {
			isa = PBXGroup;
			children = (
				315224C21B6BDD7700FC23F4 /* Views */,
				315224BF1B6BDD1800FC23F4 /* TableView */,
				315224BD1B6BDCCE00FC23F4 /* Validation */,
				315224BC1B6BDCAD00FC23F4 /* Helpers */,
				315224BB1B6BDC9400FC23F4 /* Fields */,
			);
			path = PodFiles;
			sourceTree = "<group>";
		};
		315224BB1B6BDC9400FC23F4 /* Fields */ = {
			isa = PBXGroup;
			children = (
				315224C61B6BDF3600FC23F4 /* TextView */,
				315224C51B6BDF1300FC23F4 /* TextField */,
				315224C41B6BDEE600FC23F4 /* Switch */,
				315224C31B6BDEBB00FC23F4 /* Submit */,
				315224C11B6BDD5200FC23F4 /* Select */,
				319FAB0E1C3C6FC100F46D83 /* Date */,
				315224C01B6BDD3600FC23F4 /* Map */,
				315224BE1B6BDCFE00FC23F4 /* BaseCell */,
				315224841B6AF20100FC23F4 /* JRTFormFieldCells.h */,
			);
			name = Fields;
			sourceTree = "<group>";
		};
		315224BC1B6BDCAD00FC23F4 /* Helpers */ = {
			isa = PBXGroup;
			children = (
				3152247E1B6AF20100FC23F4 /* JRTFormActualViewController.h */,
				3152247F1B6AF20100FC23F4 /* JRTFormActualViewController.m */,
			);
			name = Helpers;
			sourceTree = "<group>";
		};
		315224BD1B6BDCCE00FC23F4 /* Validation */ = {
			isa = PBXGroup;
			children = (
				315224A41B6AF20100FC23F4 /* JRTFormValidationsBlocks.h */,
				315224961B6AF20100FC23F4 /* JRTFormStringValidations.h */,
				315224971B6AF20100FC23F4 /* JRTFormStringValidations.m */,
				315224801B6AF20100FC23F4 /* JRTFormArrayValidations.h */,
				315224811B6AF20100FC23F4 /* JRTFormArrayValidations.m */,
			);
			name = Validation;
			sourceTree = "<group>";
		};
		315224BE1B6BDCFE00FC23F4 /* BaseCell */ = {
			isa = PBXGroup;
			children = (
				315224821B6AF20100FC23F4 /* JRTFormBaseCell.h */,
				315224831B6AF20100FC23F4 /* JRTFormBaseCell.m */,
			);
			name = BaseCell;
			sourceTree = "<group>";
		};
		315224BF1B6BDD1800FC23F4 /* TableView */ = {
			isa = PBXGroup;
			children = (
				315224851B6AF20100FC23F4 /* JRTFormTableView.h */,
				315224861B6AF20100FC23F4 /* JRTFormTableView.m */,
			);
			name = TableView;
			sourceTree = "<group>";
		};
		315224C01B6BDD3600FC23F4 /* Map */ = {
			isa = PBXGroup;
			children = (
				315224871B6AF20100FC23F4 /* JRTFormMapTableViewCell.h */,
				315224881B6AF20100FC23F4 /* JRTFormMapTableViewCell.m */,
				315224891B6AF20100FC23F4 /* JRTFormMapTableViewCell.xib */,
			);
			name = Map;
			sourceTree = "<group>";
		};
		315224C11B6BDD5200FC23F4 /* Select */ = {
			isa = PBXGroup;
			children = (
				315224931B6AF20100FC23F4 /* JRTFormSelectTableViewCell.h */,
				315224941B6AF20100FC23F4 /* JRTFormSelectTableViewCell.m */,
				315224951B6AF20100FC23F4 /* JRTFormSelectTableViewCell.xib */,
				3152248A1B6AF20100FC23F4 /* JRTFormOptionsTableViewController.h */,
				3152248B1B6AF20100FC23F4 /* JRTFormOptionsTableViewController.m */,
				3152248C1B6AF20100FC23F4 /* JRTFormOptionsTableViewController.xib */,
			);
			name = Select;
			sourceTree = "<group>";
		};
		315224C21B6BDD7700FC23F4 /* Views */ = {
			isa = PBXGroup;
			children = (
				3152248D1B6AF20100FC23F4 /* JRTFormRoundedButton.h */,
				3152248E1B6AF20100FC23F4 /* JRTFormRoundedButton.m */,
				3152248F1B6AF20100FC23F4 /* JRTFormRoundedImageView.h */,
				315224901B6AF20100FC23F4 /* JRTFormRoundedImageView.m */,
				315224911B6AF20100FC23F4 /* JRTFormRoundedView.h */,
				315224921B6AF20100FC23F4 /* JRTFormRoundedView.m */,
			);
			name = Views;
			sourceTree = "<group>";
		};
		315224C31B6BDEBB00FC23F4 /* Submit */ = {
			isa = PBXGroup;
			children = (
				315224981B6AF20100FC23F4 /* JRTFormSubmitButtonTableViewCell.h */,
				315224991B6AF20100FC23F4 /* JRTFormSubmitButtonTableViewCell.m */,
				3152249A1B6AF20100FC23F4 /* JRTFormSubmitButtonTableViewCell.xib */,
			);
			name = Submit;
			sourceTree = "<group>";
		};
		315224C41B6BDEE600FC23F4 /* Switch */ = {
			isa = PBXGroup;
			children = (
				3152249B1B6AF20100FC23F4 /* JRTFormSwitchTableViewCell.h */,
				3152249C1B6AF20100FC23F4 /* JRTFormSwitchTableViewCell.m */,
				3152249D1B6AF20100FC23F4 /* JRTFormSwitchTableViewCell.xib */,
			);
			name = Switch;
			sourceTree = "<group>";
		};
		315224C51B6BDF1300FC23F4 /* TextField */ = {
			isa = PBXGroup;
			children = (
				3152249E1B6AF20100FC23F4 /* JRTFormTextFieldTableViewCell.h */,
				3152249F1B6AF20100FC23F4 /* JRTFormTextFieldTableViewCell.m */,
				315224A01B6AF20100FC23F4 /* JRTFormTextFieldTableViewCell.xib */,
			);
			name = TextField;
			sourceTree = "<group>";
		};
		315224C61B6BDF3600FC23F4 /* TextView */ = {
			isa = PBXGroup;
			children = (
				315224A11B6AF20100FC23F4 /* JRTFormTextViewTableViewCell.h */,
				315224A21B6AF20100FC23F4 /* JRTFormTextViewTableViewCell.m */,
				315224A31B6AF20100FC23F4 /* JRTFormTextViewTableViewCell.xib */,
			);
			name = TextView;
			sourceTree = "<group>";
		};
		317C11291C4016F6006DB1AA /* CustomField Example */ = {
			isa = PBXGroup;
			children = (
				317C112A1C401716006DB1AA /* TextFieldTableViewCell.h */,
				317C112C1C401716006DB1AA /* TextFieldTableViewCell.m */,
				317C112B1C401716006DB1AA /* TextFieldTableViewCell.xib */,
			);
			name = "CustomField Example";
			sourceTree = "<group>";
		};
		319FAB0E1C3C6FC100F46D83 /* Date */ = {
			isa = PBXGroup;
			children = (
				319FAB0F1C3C701C00F46D83 /* JRTFormDatePickerViewController.h */,
				319FAB101C3C701C00F46D83 /* JRTFormDatePickerViewController.m */,
				319FAB111C3C701C00F46D83 /* JRTFormDatePickerViewController.xib */,
				319FAB121C3C701C00F46D83 /* JRTFormDateTableViewCell.h */,
				319FAB131C3C701C00F46D83 /* JRTFormDateTableViewCell.m */,
				319FAB141C3C701C00F46D83 /* JRTFormDateTableViewCell.xib */,
			);
			name = Date;
			sourceTree = "<group>";
		};
/* End PBXGroup section */

/* Begin PBXNativeTarget section */
		315223FC1B6ADFD400FC23F4 /* JRTForm */ = {
			isa = PBXNativeTarget;
			buildConfigurationList = 315224201B6ADFD400FC23F4 /* Build configuration list for PBXNativeTarget "JRTForm" */;
			buildPhases = (
				315223F91B6ADFD400FC23F4 /* Sources */,
				315223FA1B6ADFD400FC23F4 /* Frameworks */,
				315223FB1B6ADFD400FC23F4 /* Resources */,
			);
			buildRules = (
			);
			dependencies = (
			);
			name = JRTForm;
			productName = JRTForm;
			productReference = 315223FD1B6ADFD400FC23F4 /* JRTForm.app */;
			productType = "com.apple.product-type.application";
		};
		315224151B6ADFD400FC23F4 /* JRTFormTests */ = {
			isa = PBXNativeTarget;
			buildConfigurationList = 315224231B6ADFD400FC23F4 /* Build configuration list for PBXNativeTarget "JRTFormTests" */;
			buildPhases = (
				315224121B6ADFD400FC23F4 /* Sources */,
				315224131B6ADFD400FC23F4 /* Frameworks */,
				315224141B6ADFD400FC23F4 /* Resources */,
			);
			buildRules = (
			);
			dependencies = (
				315224181B6ADFD400FC23F4 /* PBXTargetDependency */,
			);
			name = JRTFormTests;
			productName = JRTFormTests;
			productReference = 315224161B6ADFD400FC23F4 /* JRTFormTests.xctest */;
			productType = "com.apple.product-type.bundle.unit-test";
		};
/* End PBXNativeTarget section */

/* Begin PBXProject section */
		315223F51B6ADFD400FC23F4 /* Project object */ = {
			isa = PBXProject;
			attributes = {
				LastUpgradeCheck = 0720;
				ORGANIZATIONNAME = "Juan Garcia";
				TargetAttributes = {
					315223FC1B6ADFD400FC23F4 = {
						CreatedOnToolsVersion = 6.4;
					};
					315224151B6ADFD400FC23F4 = {
						CreatedOnToolsVersion = 6.4;
						TestTargetID = 315223FC1B6ADFD400FC23F4;
					};
				};
			};
			buildConfigurationList = 315223F81B6ADFD400FC23F4 /* Build configuration list for PBXProject "JRTForm" */;
			compatibilityVersion = "Xcode 3.2";
			developmentRegion = English;
			hasScannedForEncodings = 0;
			knownRegions = (
				en,
				Base,
			);
			mainGroup = 315223F41B6ADFD400FC23F4;
			productRefGroup = 315223FE1B6ADFD400FC23F4 /* Products */;
			projectDirPath = "";
			projectRoot = "";
			targets = (
				315223FC1B6ADFD400FC23F4 /* JRTForm */,
				315224151B6ADFD400FC23F4 /* JRTFormTests */,
			);
		};
/* End PBXProject section */

/* Begin PBXResourcesBuildPhase section */
		315223FB1B6ADFD400FC23F4 /* Resources */ = {
			isa = PBXResourcesBuildPhase;
			buildActionMask = 2147483647;
			files = (
				315224B61B6AF20100FC23F4 /* JRTFormSwitchTableViewCell.xib in Resources */,
				315224B81B6AF20100FC23F4 /* JRTFormTextFieldTableViewCell.xib in Resources */,
				319FAB181C3C701C00F46D83 /* JRTFormDateTableViewCell.xib in Resources */,
				317C112D1C401716006DB1AA /* TextFieldTableViewCell.xib in Resources */,
				315224AC1B6AF20100FC23F4 /* JRTFormOptionsTableViewController.xib in Resources */,
				315224B41B6AF20100FC23F4 /* JRTFormSubmitButtonTableViewCell.xib in Resources */,
				315224BA1B6AF20100FC23F4 /* JRTFormTextViewTableViewCell.xib in Resources */,
				315224111B6ADFD400FC23F4 /* LaunchScreen.xib in Resources */,
				319FAB161C3C701C00F46D83 /* JRTFormDatePickerViewController.xib in Resources */,
				315224AA1B6AF20100FC23F4 /* JRTFormMapTableViewCell.xib in Resources */,
				3152240E1B6ADFD400FC23F4 /* Images.xcassets in Resources */,
				315224B11B6AF20100FC23F4 /* JRTFormSelectTableViewCell.xib in Resources */,
				3152242A1B6AE0CA00FC23F4 /* JRTFormViewController.xib in Resources */,
			);
			runOnlyForDeploymentPostprocessing = 0;
		};
		315224141B6ADFD400FC23F4 /* Resources */ = {
			isa = PBXResourcesBuildPhase;
			buildActionMask = 2147483647;
			files = (
			);
			runOnlyForDeploymentPostprocessing = 0;
		};
/* End PBXResourcesBuildPhase section */

/* Begin PBXSourcesBuildPhase section */
		315223F91B6ADFD400FC23F4 /* Sources */ = {
			isa = PBXSourcesBuildPhase;
			buildActionMask = 2147483647;
			files = (
				315224AE1B6AF20100FC23F4 /* JRTFormRoundedImageView.m in Sources */,
				315224061B6ADFD400FC23F4 /* AppDelegate.m in Sources */,
				315224A91B6AF20100FC23F4 /* JRTFormMapTableViewCell.m in Sources */,
				315224AF1B6AF20100FC23F4 /* JRTFormRoundedView.m in Sources */,
				315224B21B6AF20100FC23F4 /* JRTFormStringValidations.m in Sources */,
				315224AD1B6AF20100FC23F4 /* JRTFormRoundedButton.m in Sources */,
				319FAB171C3C701C00F46D83 /* JRTFormDateTableViewCell.m in Sources */,
				315224A81B6AF20100FC23F4 /* JRTFormTableView.m in Sources */,
				315224B71B6AF20100FC23F4 /* JRTFormTextFieldTableViewCell.m in Sources */,
				315224B01B6AF20100FC23F4 /* JRTFormSelectTableViewCell.m in Sources */,
				315224B51B6AF20100FC23F4 /* JRTFormSwitchTableViewCell.m in Sources */,
				315224A51B6AF20100FC23F4 /* JRTFormActualViewController.m in Sources */,
				315224A61B6AF20100FC23F4 /* JRTFormArrayValidations.m in Sources */,
				315224B91B6AF20100FC23F4 /* JRTFormTextViewTableViewCell.m in Sources */,
				317C112E1C401716006DB1AA /* TextFieldTableViewCell.m in Sources */,
				315224AB1B6AF20100FC23F4 /* JRTFormOptionsTableViewController.m in Sources */,
				315224A71B6AF20100FC23F4 /* JRTFormBaseCell.m in Sources */,
				319FAB151C3C701C00F46D83 /* JRTFormDatePickerViewController.m in Sources */,
				315224291B6AE0CA00FC23F4 /* JRTFormViewController.m in Sources */,
				315224B31B6AF20100FC23F4 /* JRTFormSubmitButtonTableViewCell.m in Sources */,
				315224031B6ADFD400FC23F4 /* main.m in Sources */,
			);
			runOnlyForDeploymentPostprocessing = 0;
		};
		315224121B6ADFD400FC23F4 /* Sources */ = {
			isa = PBXSourcesBuildPhase;
			buildActionMask = 2147483647;
			files = (
				3152241D1B6ADFD400FC23F4 /* JRTFormTests.m in Sources */,
			);
			runOnlyForDeploymentPostprocessing = 0;
		};
/* End PBXSourcesBuildPhase section */

/* Begin PBXTargetDependency section */
		315224181B6ADFD400FC23F4 /* PBXTargetDependency */ = {
			isa = PBXTargetDependency;
			target = 315223FC1B6ADFD400FC23F4 /* JRTForm */;
			targetProxy = 315224171B6ADFD400FC23F4 /* PBXContainerItemProxy */;
		};
/* End PBXTargetDependency section */

/* Begin PBXVariantGroup section */
		3152240F1B6ADFD400FC23F4 /* LaunchScreen.xib */ = {
			isa = PBXVariantGroup;
			children = (
				315224101B6ADFD400FC23F4 /* Base */,
			);
			name = LaunchScreen.xib;
			sourceTree = "<group>";
		};
/* End PBXVariantGroup section */

/* Begin XCBuildConfiguration section */
		3152241E1B6ADFD400FC23F4 /* Debug */ = {
			isa = XCBuildConfiguration;
			buildSettings = {
				ALWAYS_SEARCH_USER_PATHS = NO;
				CLANG_CXX_LANGUAGE_STANDARD = "gnu++0x";
				CLANG_CXX_LIBRARY = "libc++";
				CLANG_ENABLE_MODULES = YES;
				CLANG_ENABLE_OBJC_ARC = YES;
				CLANG_WARN_BOOL_CONVERSION = YES;
				CLANG_WARN_CONSTANT_CONVERSION = YES;
				CLANG_WARN_DIRECT_OBJC_ISA_USAGE = YES_ERROR;
				CLANG_WARN_EMPTY_BODY = YES;
				CLANG_WARN_ENUM_CONVERSION = YES;
				CLANG_WARN_INT_CONVERSION = YES;
				CLANG_WARN_OBJC_ROOT_CLASS = YES_ERROR;
				CLANG_WARN_UNREACHABLE_CODE = YES;
				CLANG_WARN__DUPLICATE_METHOD_MATCH = YES;
				"CODE_SIGN_IDENTITY[sdk=iphoneos*]" = "iPhone Developer";
				COPY_PHASE_STRIP = NO;
				DEBUG_INFORMATION_FORMAT = "dwarf-with-dsym";
				ENABLE_STRICT_OBJC_MSGSEND = YES;
				ENABLE_TESTABILITY = YES;
				GCC_C_LANGUAGE_STANDARD = gnu99;
				GCC_DYNAMIC_NO_PIC = NO;
				GCC_NO_COMMON_BLOCKS = YES;
				GCC_OPTIMIZATION_LEVEL = 0;
				GCC_PREPROCESSOR_DEFINITIONS = (
					"DEBUG=1",
					"$(inherited)",
				);
				GCC_SYMBOLS_PRIVATE_EXTERN = NO;
				GCC_WARN_64_TO_32_BIT_CONVERSION = YES;
				GCC_WARN_ABOUT_RETURN_TYPE = YES_ERROR;
				GCC_WARN_UNDECLARED_SELECTOR = YES;
				GCC_WARN_UNINITIALIZED_AUTOS = YES_AGGRESSIVE;
				GCC_WARN_UNUSED_FUNCTION = YES;
				GCC_WARN_UNUSED_VARIABLE = YES;
				IPHONEOS_DEPLOYMENT_TARGET = 8.4;
				MTL_ENABLE_DEBUG_INFO = YES;
				ONLY_ACTIVE_ARCH = YES;
				SDKROOT = iphoneos;
			};
			name = Debug;
		};
		3152241F1B6ADFD400FC23F4 /* Release */ = {
			isa = XCBuildConfiguration;
			buildSettings = {
				ALWAYS_SEARCH_USER_PATHS = NO;
				CLANG_CXX_LANGUAGE_STANDARD = "gnu++0x";
				CLANG_CXX_LIBRARY = "libc++";
				CLANG_ENABLE_MODULES = YES;
				CLANG_ENABLE_OBJC_ARC = YES;
				CLANG_WARN_BOOL_CONVERSION = YES;
				CLANG_WARN_CONSTANT_CONVERSION = YES;
				CLANG_WARN_DIRECT_OBJC_ISA_USAGE = YES_ERROR;
				CLANG_WARN_EMPTY_BODY = YES;
				CLANG_WARN_ENUM_CONVERSION = YES;
				CLANG_WARN_INT_CONVERSION = YES;
				CLANG_WARN_OBJC_ROOT_CLASS = YES_ERROR;
				CLANG_WARN_UNREACHABLE_CODE = YES;
				CLANG_WARN__DUPLICATE_METHOD_MATCH = YES;
				"CODE_SIGN_IDENTITY[sdk=iphoneos*]" = "iPhone Developer";
				COPY_PHASE_STRIP = NO;
				DEBUG_INFORMATION_FORMAT = "dwarf-with-dsym";
				ENABLE_NS_ASSERTIONS = NO;
				ENABLE_STRICT_OBJC_MSGSEND = YES;
				GCC_C_LANGUAGE_STANDARD = gnu99;
				GCC_NO_COMMON_BLOCKS = YES;
				GCC_WARN_64_TO_32_BIT_CONVERSION = YES;
				GCC_WARN_ABOUT_RETURN_TYPE = YES_ERROR;
				GCC_WARN_UNDECLARED_SELECTOR = YES;
				GCC_WARN_UNINITIALIZED_AUTOS = YES_AGGRESSIVE;
				GCC_WARN_UNUSED_FUNCTION = YES;
				GCC_WARN_UNUSED_VARIABLE = YES;
				IPHONEOS_DEPLOYMENT_TARGET = 8.4;
				MTL_ENABLE_DEBUG_INFO = NO;
				SDKROOT = iphoneos;
				VALIDATE_PRODUCT = YES;
			};
			name = Release;
		};
		315224211B6ADFD400FC23F4 /* Debug */ = {
			isa = XCBuildConfiguration;
			buildSettings = {
				ASSETCATALOG_COMPILER_APPICON_NAME = AppIcon;
				CODE_SIGN_IDENTITY = "iPhone Developer";
				"CODE_SIGN_IDENTITY[sdk=iphoneos*]" = "iPhone Developer";
				INFOPLIST_FILE = JRTForm/Info.plist;
				LD_RUNPATH_SEARCH_PATHS = "$(inherited) @executable_path/Frameworks";
				PRODUCT_BUNDLE_IDENTIFIER = "com.jerti.$(PRODUCT_NAME:rfc1034identifier)";
				PRODUCT_NAME = "$(TARGET_NAME)";
				PROVISIONING_PROFILE = "";
				TARGETED_DEVICE_FAMILY = "1,2";
			};
			name = Debug;
		};
		315224221B6ADFD400FC23F4 /* Release */ = {
			isa = XCBuildConfiguration;
			buildSettings = {
				ASSETCATALOG_COMPILER_APPICON_NAME = AppIcon;
				CODE_SIGN_IDENTITY = "iPhone Developer";
				"CODE_SIGN_IDENTITY[sdk=iphoneos*]" = "iPhone Developer";
				INFOPLIST_FILE = JRTForm/Info.plist;
				LD_RUNPATH_SEARCH_PATHS = "$(inherited) @executable_path/Frameworks";
				PRODUCT_BUNDLE_IDENTIFIER = "com.jerti.$(PRODUCT_NAME:rfc1034identifier)";
				PRODUCT_NAME = "$(TARGET_NAME)";
				PROVISIONING_PROFILE = "";
				TARGETED_DEVICE_FAMILY = "1,2";
			};
			name = Release;
		};
		315224241B6ADFD400FC23F4 /* Debug */ = {
			isa = XCBuildConfiguration;
			buildSettings = {
				BUNDLE_LOADER = "$(TEST_HOST)";
				FRAMEWORK_SEARCH_PATHS = (
					"$(SDKROOT)/Developer/Library/Frameworks",
					"$(inherited)",
				);
				GCC_PREPROCESSOR_DEFINITIONS = (
					"DEBUG=1",
					"$(inherited)",
				);
				INFOPLIST_FILE = JRTFormTests/Info.plist;
				LD_RUNPATH_SEARCH_PATHS = "$(inherited) @executable_path/Frameworks @loader_path/Frameworks";
				PRODUCT_BUNDLE_IDENTIFIER = "com.jerti.$(PRODUCT_NAME:rfc1034identifier)";
				PRODUCT_NAME = "$(TARGET_NAME)";
				TEST_HOST = "$(BUILT_PRODUCTS_DIR)/JRTForm.app/JRTForm";
			};
			name = Debug;
		};
		315224251B6ADFD400FC23F4 /* Release */ = {
			isa = XCBuildConfiguration;
			buildSettings = {
				BUNDLE_LOADER = "$(TEST_HOST)";
				FRAMEWORK_SEARCH_PATHS = (
					"$(SDKROOT)/Developer/Library/Frameworks",
					"$(inherited)",
				);
				INFOPLIST_FILE = JRTFormTests/Info.plist;
				LD_RUNPATH_SEARCH_PATHS = "$(inherited) @executable_path/Frameworks @loader_path/Frameworks";
				PRODUCT_BUNDLE_IDENTIFIER = "com.jerti.$(PRODUCT_NAME:rfc1034identifier)";
				PRODUCT_NAME = "$(TARGET_NAME)";
				TEST_HOST = "$(BUILT_PRODUCTS_DIR)/JRTForm.app/JRTForm";
			};
			name = Release;
		};
/* End XCBuildConfiguration section */

/* Begin XCConfigurationList section */
		315223F81B6ADFD400FC23F4 /* Build configuration list for PBXProject "JRTForm" */ = {
			isa = XCConfigurationList;
			buildConfigurations = (
				3152241E1B6ADFD400FC23F4 /* Debug */,
				3152241F1B6ADFD400FC23F4 /* Release */,
			);
			defaultConfigurationIsVisible = 0;
			defaultConfigurationName = Release;
		};
		315224201B6ADFD400FC23F4 /* Build configuration list for PBXNativeTarget "JRTForm" */ = {
			isa = XCConfigurationList;
			buildConfigurations = (
				315224211B6ADFD400FC23F4 /* Debug */,
				315224221B6ADFD400FC23F4 /* Release */,
			);
			defaultConfigurationIsVisible = 0;
			defaultConfigurationName = Release;
		};
		315224231B6ADFD400FC23F4 /* Build configuration list for PBXNativeTarget "JRTFormTests" */ = {
			isa = XCConfigurationList;
			buildConfigurations = (
				315224241B6ADFD400FC23F4 /* Debug */,
				315224251B6ADFD400FC23F4 /* Release */,
			);
			defaultConfigurationIsVisible = 0;
			defaultConfigurationName = Release;
		};
/* End XCConfigurationList section */
	};
	rootObject = 315223F51B6ADFD400FC23F4 /* Project object */;
}
